// !$*UTF8*$!
{
	archiveVersion = 1;
	classes = {
	};
	objectVersion = 77;
	objects = {

/* Begin PBXBuildFile section */
		BF99D6A12FCACD36000EDDE8 /* FirebaseCore in Frameworks */ = {isa = PBXBuildFile; productRef = BF99D6A02FCACD36000EDDE8 /* FirebaseCore */; };
		BF99D6A52FCACFEC000EDDE8 /* GoogleService-Info.plist in Resources */ = {isa = PBXBuildFile; fileRef = BF99D6A42FCACFEC000EDDE8 /* GoogleService-Info.plist */; };
		BF99D6B12FCAD343000EDDE8 /* SceneDelegate.swift in Sources */ = {isa = PBXBuildFile; fileRef = BF99D6AE2FCAD343000EDDE8 /* SceneDelegate.swift */; };
		BF99D6B22FCAD343000EDDE8 /* AppDelegate.swift in Sources */ = {isa = PBXBuildFile; fileRef = BF99D6A72FCAD343000EDDE8 /* AppDelegate.swift */; };
		BF99D6B32FCAD343000EDDE8 /* ViewController.swift in Sources */ = {isa = PBXBuildFile; fileRef = BF99D6AF2FCAD343000EDDE8 /* ViewController.swift */; };
		BF99D6B42FCAD343000EDDE8 /* Main.storyboard in Resources */ = {isa = PBXBuildFile; fileRef = BF99D6AD2FCAD343000EDDE8 /* Main.storyboard */; };
		BF99D6B52FCAD343000EDDE8 /* Assets.xcassets in Resources */ = {isa = PBXBuildFile; fileRef = BF99D6A82FCAD343000EDDE8 /* Assets.xcassets */; };
		BF99D6B62FCAD343000EDDE8 /* Info.plist in Resources */ = {isa = PBXBuildFile; fileRef = BF99D6A92FCAD343000EDDE8 /* Info.plist */; };
		BF99D6B72FCAD343000EDDE8 /* LaunchScreen.storyboard in Resources */ = {isa = PBXBuildFile; fileRef = BF99D6AB2FCAD343000EDDE8 /* LaunchScreen.storyboard */; };
/* End PBXBuildFile section */

/* Begin PBXContainerItemProxy section */
		BF99D6812FCAC950000EDDE8 /* PBXContainerItemProxy */ = {
			isa = PBXContainerItemProxy;
			containerPortal = BF99D6622FCAC94D000EDDE8 /* Project object */;
			proxyType = 1;
			remoteGlobalIDString = BF99D6692FCAC94D000EDDE8;
			remoteInfo = appquanlisach;
		};
		BF99D68B2FCAC950000EDDE8 /* PBXContainerItemProxy */ = {
			isa = PBXContainerItemProxy;
			containerPortal = BF99D6622FCAC94D000EDDE8 /* Project object */;
			proxyType = 1;
			remoteGlobalIDString = BF99D6692FCAC94D000EDDE8;
			remoteInfo = appquanlisach;
		};
/* End PBXContainerItemProxy section */

/* Begin PBXFileReference section */
		BF99D66A2FCAC94D000EDDE8 /* appquanlisach.app */ = {isa = PBXFileReference; explicitFileType = wrapper.application; includeInIndex = 0; path = appquanlisach.app; sourceTree = BUILT_PRODUCTS_DIR; };
		BF99D6802FCAC950000EDDE8 /* appquanlisachTests.xctest */ = {isa = PBXFileReference; explicitFileType = wrapper.cfbundle; includeInIndex = 0; path = appquanlisachTests.xctest; sourceTree = BUILT_PRODUCTS_DIR; };
		BF99D68A2FCAC950000EDDE8 /* appquanlisachUITests.xctest */ = {isa = PBXFileReference; explicitFileType = wrapper.cfbundle; includeInIndex = 0; path = appquanlisachUITests.xctest; sourceTree = BUILT_PRODUCTS_DIR; };
		BF99D6A42FCACFEC000EDDE8 /* GoogleService-Info.plist */ = {isa = PBXFileReference; lastKnownFileType = text.plist.xml; path = "GoogleService-Info.plist"; sourceTree = "<group>"; };
		BF99D6A72FCAD343000EDDE8 /* AppDelegate.swift */ = {isa = PBXFileReference; lastKnownFileType = sourcecode.swift; path = AppDelegate.swift; sourceTree = "<group>"; };
		BF99D6A82FCAD343000EDDE8 /* Assets.xcassets */ = {isa = PBXFileReference; lastKnownFileType = folder.assetcatalog; path = Assets.xcassets; sourceTree = "<group>"; };
		BF99D6A92FCAD343000EDDE8 /* Info.plist */ = {isa = PBXFileReference; lastKnownFileType = text.plist.xml; path = Info.plist; sourceTree = "<group>"; };
		BF99D6AA2FCAD343000EDDE8 /* Base */ = {isa = PBXFileReference; lastKnownFileType = file.storyboard; name = Base; path = Base.lproj/LaunchScreen.storyboard; sourceTree = "<group>"; };
		BF99D6AC2FCAD343000EDDE8 /* Base */ = {isa = PBXFileReference; lastKnownFileType = file.storyboard; name = Base; path = Base.lproj/Main.storyboard; sourceTree = "<group>"; };
		BF99D6AE2FCAD343000EDDE8 /* SceneDelegate.swift */ = {isa = PBXFileReference; lastKnownFileType = sourcecode.swift; path = SceneDelegate.swift; sourceTree = "<group>"; };
		BF99D6AF2FCAD343000EDDE8 /* ViewController.swift */ = {isa = PBXFileReference; lastKnownFileType = sourcecode.swift; path = ViewController.swift; sourceTree = "<group>"; };
/* End PBXFileReference section */

/* Begin PBXFileSystemSynchronizedRootGroup section */
		BF99D6832FCAC950000EDDE8 /* appquanlisachTests */ = {
			isa = PBXFileSystemSynchronizedRootGroup;
			path = appquanlisachTests;
			sourceTree = "<group>";
		};
		BF99D68D2FCAC950000EDDE8 /* appquanlisachUITests */ = {
			isa = PBXFileSystemSynchronizedRootGroup;
			path = appquanlisachUITests;
			sourceTree = "<group>";
		};
/* End PBXFileSystemSynchronizedRootGroup section */

/* Begin PBXFrameworksBuildPhase section */
		BF99D6672FCAC94D000EDDE8 /* Frameworks */ = {
			isa = PBXFrameworksBuildPhase;
			buildActionMask = 2147483647;
			files = (
				BF99D6A12FCACD36000EDDE8 /* FirebaseCore in Frameworks */,
			);
			runOnlyForDeploymentPostprocessing = 0;
		};
		BF99D67D2FCAC950000EDDE8 /* Frameworks */ = {
			isa = PBXFrameworksBuildPhase;
			buildActionMask = 2147483647;
			files = (
			);
			runOnlyForDeploymentPostprocessing = 0;
		};
		BF99D6872FCAC950000EDDE8 /* Frameworks */ = {
			isa = PBXFrameworksBuildPhase;
			buildActionMask = 2147483647;
			files = (
			);
			runOnlyForDeploymentPostprocessing = 0;
		};
/* End PBXFrameworksBuildPhase section */

/* Begin PBXGroup section */
		BF99D6612FCAC94D000EDDE8 = {
			isa = PBXGroup;
			children = (
				BF99D6A42FCACFEC000EDDE8 /* GoogleService-Info.plist */,
				BF99D6B02FCAD343000EDDE8 /* appquanlisach */,
				BF99D6832FCAC950000EDDE8 /* appquanlisachTests */,
				BF99D68D2FCAC950000EDDE8 /* appquanlisachUITests */,
				BF99D69F2FCACD36000EDDE8 /* Frameworks */,
				BF99D66B2FCAC94D000EDDE8 /* Products */,
			);
			sourceTree = "<group>";
		};
		BF99D66B2FCAC94D000EDDE8 /* Products */ = {
			isa = PBXGroup;
			children = (
				BF99D66A2FCAC94D000EDDE8 /* appquanlisach.app */,
				BF99D6802FCAC950000EDDE8 /* appquanlisachTests.xctest */,
				BF99D68A2FCAC950000EDDE8 /* appquanlisachUITests.xctest */,
			);
			name = Products;
			sourceTree = "<group>";
		};
		BF99D69F2FCACD36000EDDE8 /* Frameworks */ = {
			isa = PBXGroup;
			children = (
			);
			name = Frameworks;
			sourceTree = "<group>";
		};
		BF99D6B02FCAD343000EDDE8 /* appquanlisach */ = {
			isa = PBXGroup;
			children = (
				BF99D6A72FCAD343000EDDE8 /* AppDelegate.swift */,
				BF99D6A82FCAD343000EDDE8 /* Assets.xcassets */,
				BF99D6A92FCAD343000EDDE8 /* Info.plist */,
				BF99D6AB2FCAD343000EDDE8 /* LaunchScreen.storyboard */,
				BF99D6AD2FCAD343000EDDE8 /* Main.storyboard */,
				BF99D6AE2FCAD343000EDDE8 /* SceneDelegate.swift */,
				BF99D6AF2FCAD343000EDDE8 /* ViewController.swift */,
			);
			path = appquanlisach;
			sourceTree = "<group>";
		};
/* End PBXGroup section */

/* Begin PBXNativeTarget section */
		BF99D6692FCAC94D000EDDE8 /* appquanlisach */ = {
			isa = PBXNativeTarget;
			buildConfigurationList = BF99D6932FCAC950000EDDE8 /* Build configuration list for PBXNativeTarget "appquanlisach" */;
			buildPhases = (
				BF99D6662FCAC94D000EDDE8 /* Sources */,
				BF99D6672FCAC94D000EDDE8 /* Frameworks */,
				BF99D6682FCAC94D000EDDE8 /* Resources */,
			);
			buildRules = (
			);
			dependencies = (
			);
			name = appquanlisach;
			packageProductDependencies = (
				BF99D6A02FCACD36000EDDE8 /* FirebaseCore */,
			);
			productName = appquanlisach;
			productReference = BF99D66A2FCAC94D000EDDE8 /* appquanlisach.app */;
			productType = "com.apple.product-type.application";
		};
		BF99D67F2FCAC950000EDDE8 /* appquanlisachTests */ = {
			isa = PBXNativeTarget;
			buildConfigurationList = BF99D6982FCAC950000EDDE8 /* Build configuration list for PBXNativeTarget "appquanlisachTests" */;
			buildPhases = (
				BF99D67C2FCAC950000EDDE8 /* Sources */,
				BF99D67D2FCAC950000EDDE8 /* Frameworks */,
				BF99D67E2FCAC950000EDDE8 /* Resources */,
			);
			buildRules = (
			);
			dependencies = (
				BF99D6822FCAC950000EDDE8 /* PBXTargetDependency */,
			);
			fileSystemSynchronizedGroups = (
				BF99D6832FCAC950000EDDE8 /* appquanlisachTests */,
			);
			name = appquanlisachTests;
			packageProductDependencies = (
			);
			productName = appquanlisachTests;
			productReference = BF99D6802FCAC950000EDDE8 /* appquanlisachTests.xctest */;
			productType = "com.apple.product-type.bundle.unit-test";
		};
		BF99D6892FCAC950000EDDE8 /* appquanlisachUITests */ = {
			isa = PBXNativeTarget;
			buildConfigurationList = BF99D69B2FCAC950000EDDE8 /* Build configuration list for PBXNativeTarget "appquanlisachUITests" */;
			buildPhases = (
				BF99D6862FCAC950000EDDE8 /* Sources */,
				BF99D6872FCAC950000EDDE8 /* Frameworks */,
				BF99D6882FCAC950000EDDE8 /* Resources */,
			);
			buildRules = (
			);
			dependencies = (
				BF99D68C2FCAC950000EDDE8 /* PBXTargetDependency */,
			);
			fileSystemSynchronizedGroups = (
				BF99D68D2FCAC950000EDDE8 /* appquanlisachUITests */,
			);
			name = appquanlisachUITests;
			packageProductDependencies = (
			);
			productName = appquanlisachUITests;
			productReference = BF99D68A2FCAC950000EDDE8 /* appquanlisachUITests.xctest */;
			productType = "com.apple.product-type.bundle.ui-testing";
		};
/* End PBXNativeTarget section */

/* Begin PBXProject section */
		BF99D6622FCAC94D000EDDE8 /* Project object */ = {
			isa = PBXProject;
			attributes = {
				BuildIndependentTargetsInParallel = 1;
				LastSwiftUpdateCheck = 2650;
				LastUpgradeCheck = 2650;
				TargetAttributes = {
					BF99D6692FCAC94D000EDDE8 = {
						CreatedOnToolsVersion = 26.5;
					};
					BF99D67F2FCAC950000EDDE8 = {
						CreatedOnToolsVersion = 26.5;
						TestTargetID = BF99D6692FCAC94D000EDDE8;
					};
					BF99D6892FCAC950000EDDE8 = {
						CreatedOnToolsVersion = 26.5;
						TestTargetID = BF99D6692FCAC94D000EDDE8;
					};
				};
			};
			buildConfigurationList = BF99D6652FCAC94D000EDDE8 /* Build configuration list for PBXProject "appquanlisach" */;
			developmentRegion = en;
			hasScannedForEncodings = 0;
			knownRegions = (
				en,
				Base,
			);
			mainGroup = BF99D6612FCAC94D000EDDE8;
			minimizedProjectReferenceProxies = 1;
			packageReferences = (
				BF99D69E2FCACC80000EDDE8 /* XCRemoteSwiftPackageReference "firebase-ios-sdk" */,
			);
			preferredProjectObjectVersion = 77;
			productRefGroup = BF99D66B2FCAC94D000EDDE8 /* Products */;
			projectDirPath = "";
			projectRoot = "";
			targets = (
				BF99D6692FCAC94D000EDDE8 /* appquanlisach */,
				BF99D67F2FCAC950000EDDE8 /* appquanlisachTests */,
				BF99D6892FCAC950000EDDE8 /* appquanlisachUITests */,
			);
		};
/* End PBXProject section */

/* Begin PBXResourcesBuildPhase section */
		BF99D6682FCAC94D000EDDE8 /* Resources */ = {
			isa = PBXResourcesBuildPhase;
			buildActionMask = 2147483647;
			files = (
				BF99D6B42FCAD343000EDDE8 /* Main.storyboard in Resources */,
				BF99D6B52FCAD343000EDDE8 /* Assets.xcassets in Resources */,
				BF99D6B62FCAD343000EDDE8 /* Info.plist in Resources */,
				BF99D6B72FCAD343000EDDE8 /* LaunchScreen.storyboard in Resources */,
				BF99D6A52FCACFEC000EDDE8 /* GoogleService-Info.plist in Resources */,
			);
			runOnlyForDeploymentPostprocessing = 0;
		};
		BF99D67E2FCAC950000EDDE8 /* Resources */ = {
			isa = PBXResourcesBuildPhase;
			buildActionMask = 2147483647;
			files = (
			);
			runOnlyForDeploymentPostprocessing = 0;
		};
		BF99D6882FCAC950000EDDE8 /* Resources */ = {
			isa = PBXResourcesBuildPhase;
			buildActionMask = 2147483647;
			files = (
			);
			runOnlyForDeploymentPostprocessing = 0;
		};
/* End PBXResourcesBuildPhase section */

/* Begin PBXSourcesBuildPhase section */
		BF99D6662FCAC94D000EDDE8 /* Sources */ = {
			isa = PBXSourcesBuildPhase;
			buildActionMask = 2147483647;
			files = (
				BF99D6B12FCAD343000EDDE8 /* SceneDelegate.swift in Sources */,
				BF99D6B22FCAD343000EDDE8 /* AppDelegate.swift in Sources */,
				BF99D6B32FCAD343000EDDE8 /* ViewController.swift in Sources */,
			);
			runOnlyForDeploymentPostprocessing = 0;
		};
		BF99D67C2FCAC950000EDDE8 /* Sources */ = {
			isa = PBXSourcesBuildPhase;
			buildActionMask = 2147483647;
			files = (
			);
			runOnlyForDeploymentPostprocessing = 0;
		};
		BF99D6862FCAC950000EDDE8 /* Sources */ = {
			isa = PBXSourcesBuildPhase;
			buildActionMask = 2147483647;
			files = (
			);
			runOnlyForDeploymentPostprocessing = 0;
		};
/* End PBXSourcesBuildPhase section */

/* Begin PBXTargetDependency section */
		BF99D6822FCAC950000EDDE8 /* PBXTargetDependency */ = {
			isa = PBXTargetDependency;
			target = BF99D6692FCAC94D000EDDE8 /* appquanlisach */;
			targetProxy = BF99D6812FCAC950000EDDE8 /* PBXContainerItemProxy */;
		};
		BF99D68C2FCAC950000EDDE8 /* PBXTargetDependency */ = {
			isa = PBXTargetDependency;
			target = BF99D6692FCAC94D000EDDE8 /* appquanlisach */;
			targetProxy = BF99D68B2FCAC950000EDDE8 /* PBXContainerItemProxy */;
		};
/* End PBXTargetDependency section */

/* Begin PBXVariantGroup section */
		BF99D6AB2FCAD343000EDDE8 /* LaunchScreen.storyboard */ = {
			isa = PBXVariantGroup;
			children = (
				BF99D6AA2FCAD343000EDDE8 /* Base */,
			);
			name = LaunchScreen.storyboard;
			sourceTree = "<group>";
		};
		BF99D6AD2FCAD343000EDDE8 /* Main.storyboard */ = {
			isa = PBXVariantGroup;
			children = (
				BF99D6AC2FCAD343000EDDE8 /* Base */,
			);
			name = Main.storyboard;
			sourceTree = "<group>";
		};
/* End PBXVariantGroup section */

/* Begin XCBuildConfiguration section */
		BF99D6942FCAC950000EDDE8 /* Debug */ = {
			isa = XCBuildConfiguration;
			buildSettings = {
				ASSETCATALOG_COMPILER_APPICON_NAME = AppIcon;
				ASSETCATALOG_COMPILER_GLOBAL_ACCENT_COLOR_NAME = AccentColor;
				CODE_SIGN_STYLE = Automatic;
				CURRENT_PROJECT_VERSION = 1;
				GENERATE_INFOPLIST_FILE = YES;
				INFOPLIST_FILE = appquanlisach/Info.plist;
				INFOPLIST_KEY_UIApplicationSupportsIndirectInputEvents = YES;
				INFOPLIST_KEY_UILaunchStoryboardName = LaunchScreen;
				INFOPLIST_KEY_UIMainStoryboardFile = Main;
				INFOPLIST_KEY_UISupportedInterfaceOrientations_iPad = "UIInterfaceOrientationPortrait UIInterfaceOrientationPortraitUpsideDown UIInterfaceOrientationLandscapeLeft UIInterfaceOrientationLandscapeRight";
				INFOPLIST_KEY_UISupportedInterfaceOrientations_iPhone = "UIInterfaceOrientationPortrait UIInterfaceOrientationLandscapeLeft UIInterfaceOrientationLandscapeRight";
				LD_RUNPATH_SEARCH_PATHS = (
					"$(inherited)",
					"@executable_path/Frameworks",
				);
				MARKETING_VERSION = 1.0;
				PRODUCT_BUNDLE_IDENTIFIER = vn.tdc.edc.appquanlisach;
				PRODUCT_NAME = "$(TARGET_NAME)";
				STRING_CATALOG_GENERATE_SYMBOLS = YES;
				SWIFT_APPROACHABLE_CONCURRENCY = YES;
				SWIFT_DEFAULT_ACTOR_ISOLATION = MainActor;
				SWIFT_EMIT_LOC_STRINGS = YES;
				SWIFT_UPCOMING_FEATURE_MEMBER_IMPORT_VISIBILITY = YES;
				SWIFT_VERSION = 5.0;
				TARGETED_DEVICE_FAMILY = "1,2";
			};
			name = Debug;
		};
		BF99D6952FCAC950000EDDE8 /* Release */ = {
			isa = XCBuildConfiguration;
			buildSettings = {
				ASSETCATALOG_COMPILER_APPICON_NAME = AppIcon;
				ASSETCATALOG_COMPILER_GLOBAL_ACCENT_COLOR_NAME = AccentColor;
				CODE_SIGN_STYLE = Automatic;
				CURRENT_PROJECT_VERSION = 1;
				GENERATE_INFOPLIST_FILE = YES;
				INFOPLIST_FILE = appquanlisach/Info.plist;
				INFOPLIST_KEY_UIApplicationSupportsIndirectInputEvents = YES;
				INFOPLIST_KEY_UILaunchStoryboardName = LaunchScreen;
				INFOPLIST_KEY_UIMainStoryboardFile = Main;
				INFOPLIST_KEY_UISupportedInterfaceOrientations_iPad = "UIInterfaceOrientationPortrait UIInterfaceOrientationPortraitUpsideDown UIInterfaceOrientationLandscapeLeft UIInterfaceOrientationLandscapeRight";
				INFOPLIST_KEY_UISupportedInterfaceOrientations_iPhone = "UIInterfaceOrientationPortrait UIInterfaceOrientationLandscapeLeft UIInterfaceOrientationLandscapeRight";
				LD_RUNPATH_SEARCH_PATHS = (
					"$(inherited)",
					"@executable_path/Frameworks",
				);
				MARKETING_VERSION = 1.0;
				PRODUCT_BUNDLE_IDENTIFIER = vn.tdc.edc.appquanlisach;
				PRODUCT_NAME = "$(TARGET_NAME)";
				STRING_CATALOG_GENERATE_SYMBOLS = YES;
				SWIFT_APPROACHABLE_CONCURRENCY = YES;
				SWIFT_DEFAULT_ACTOR_ISOLATION = MainActor;
				SWIFT_EMIT_LOC_STRINGS = YES;
				SWIFT_UPCOMING_FEATURE_MEMBER_IMPORT_VISIBILITY = YES;
				SWIFT_VERSION = 5.0;
				TARGETED_DEVICE_FAMILY = "1,2";
			};
			name = Release;
		};
		BF99D6962FCAC950000EDDE8 /* Debug */ = {
			isa = XCBuildConfiguration;
			buildSettings = {
				ALWAYS_SEARCH_USER_PATHS = NO;
				ASSETCATALOG_COMPILER_GENERATE_SWIFT_ASSET_SYMBOL_EXTENSIONS = YES;
				CLANG_ANALYZER_NONNULL = YES;
				CLANG_ANALYZER_NUMBER_OBJECT_CONVERSION = YES_AGGRESSIVE;
				CLANG_CXX_LANGUAGE_STANDARD = "gnu++20";
				CLANG_ENABLE_MODULES = YES;
				CLANG_ENABLE_OBJC_ARC = YES;
				CLANG_ENABLE_OBJC_WEAK = YES;
				CLANG_WARN_BLOCK_CAPTURE_AUTORELEASING = YES;
				CLANG_WARN_BOOL_CONVERSION = YES;
				CLANG_WARN_COMMA = YES;
				CLANG_WARN_CONSTANT_CONVERSION = YES;
				CLANG_WARN_DEPRECATED_OBJC_IMPLEMENTATIONS = YES;
				CLANG_WARN_DIRECT_OBJC_ISA_USAGE = YES_ERROR;
				CLANG_WARN_DOCUMENTATION_COMMENTS = YES;
				CLANG_WARN_EMPTY_BODY = YES;
				CLANG_WARN_ENUM_CONVERSION = YES;
				CLANG_WARN_INFINITE_RECURSION = YES;
				CLANG_WARN_INT_CONVERSION = YES;
				CLANG_WARN_NON_LITERAL_NULL_CONVERSION = YES;
				CLANG_WARN_OBJC_IMPLICIT_RETAIN_SELF = YES;
				CLANG_WARN_OBJC_LITERAL_CONVERSION = YES;
				CLANG_WARN_OBJC_ROOT_CLASS = YES_ERROR;
				CLANG_WARN_QUOTED_INCLUDE_IN_FRAMEWORK_HEADER = YES;
				CLANG_WARN_RANGE_LOOP_ANALYSIS = YES;
				CLANG_WARN_STRICT_PROTOTYPES = YES;
				CLANG_WARN_SUSPICIOUS_MOVE = YES;
				CLANG_WARN_UNGUARDED_AVAILABILITY = YES_AGGRESSIVE;
				CLANG_WARN_UNREACHABLE_CODE = YES;
				CLANG_WARN__DUPLICATE_METHOD_MATCH = YES;
				COPY_PHASE_STRIP = NO;
				DEBUG_INFORMATION_FORMAT = dwarf;
				ENABLE_STRICT_OBJC_MSGSEND = YES;
				ENABLE_TESTABILITY = YES;
				ENABLE_USER_SCRIPT_SANDBOXING = YES;
				GCC_C_LANGUAGE_STANDARD = gnu17;
				GCC_DYNAMIC_NO_PIC = NO;
				GCC_NO_COMMON_BLOCKS = YES;
				GCC_OPTIMIZATION_LEVEL = 0;
				GCC_PREPROCESSOR_DEFINITIONS = (
					"DEBUG=1",
					"$(inherited)",
				);
				GCC_WARN_64_TO_32_BIT_CONVERSION = YES;
				GCC_WARN_ABOUT_RETURN_TYPE = YES_ERROR;
				GCC_WARN_UNDECLARED_SELECTOR = YES;
				GCC_WARN_UNINITIALIZED_AUTOS = YES_AGGRESSIVE;
				GCC_WARN_UNUSED_FUNCTION = YES;
				GCC_WARN_UNUSED_VARIABLE = YES;
				IPHONEOS_DEPLOYMENT_TARGET = 26.5;
				LOCALIZATION_PREFERS_STRING_CATALOGS = YES;
				MTL_ENABLE_DEBUG_INFO = INCLUDE_SOURCE;
				MTL_FAST_MATH = YES;
				ONLY_ACTIVE_ARCH = YES;
				SDKROOT = iphoneos;
				SWIFT_ACTIVE_COMPILATION_CONDITIONS = "DEBUG $(inherited)";
				SWIFT_OPTIMIZATION_LEVEL = "-Onone";
			};
			name = Debug;
		};
		BF99D6972FCAC950000EDDE8 /* Release */ = {
			isa = XCBuildConfiguration;
			buildSettings = {
				ALWAYS_SEARCH_USER_PATHS = NO;
				ASSETCATALOG_COMPILER_GENERATE_SWIFT_ASSET_SYMBOL_EXTENSIONS = YES;
				CLANG_ANALYZER_NONNULL = YES;
				CLANG_ANALYZER_NUMBER_OBJECT_CONVERSION = YES_AGGRESSIVE;
				CLANG_CXX_LANGUAGE_STANDARD = "gnu++20";
				CLANG_ENABLE_MODULES = YES;
				CLANG_ENABLE_OBJC_ARC = YES;
				CLANG_ENABLE_OBJC_WEAK = YES;
				CLANG_WARN_BLOCK_CAPTURE_AUTORELEASING = YES;
				CLANG_WARN_BOOL_CONVERSION = YES;
				CLANG_WARN_COMMA = YES;
				CLANG_WARN_CONSTANT_CONVERSION = YES;
				CLANG_WARN_DEPRECATED_OBJC_IMPLEMENTATIONS = YES;
				CLANG_WARN_DIRECT_OBJC_ISA_USAGE = YES_ERROR;
				CLANG_WARN_DOCUMENTATION_COMMENTS = YES;
				CLANG_WARN_EMPTY_BODY = YES;
				CLANG_WARN_ENUM_CONVERSION = YES;
				CLANG_WARN_INFINITE_RECURSION = YES;
				CLANG_WARN_INT_CONVERSION = YES;
				CLANG_WARN_NON_LITERAL_NULL_CONVERSION = YES;
				CLANG_WARN_OBJC_IMPLICIT_RETAIN_SELF = YES;
				CLANG_WARN_OBJC_LITERAL_CONVERSION = YES;
				CLANG_WARN_OBJC_ROOT_CLASS = YES_ERROR;
				CLANG_WARN_QUOTED_INCLUDE_IN_FRAMEWORK_HEADER = YES;
				CLANG_WARN_RANGE_LOOP_ANALYSIS = YES;
				CLANG_WARN_STRICT_PROTOTYPES = YES;
				CLANG_WARN_SUSPICIOUS_MOVE = YES;
				CLANG_WARN_UNGUARDED_AVAILABILITY = YES_AGGRESSIVE;
				CLANG_WARN_UNREACHABLE_CODE = YES;
				CLANG_WARN__DUPLICATE_METHOD_MATCH = YES;
				COPY_PHASE_STRIP = NO;
				DEBUG_INFORMATION_FORMAT = "dwarf-with-dsym";
				ENABLE_NS_ASSERTIONS = NO;
				ENABLE_STRICT_OBJC_MSGSEND = YES;
				ENABLE_USER_SCRIPT_SANDBOXING = YES;
				GCC_C_LANGUAGE_STANDARD = gnu17;
				GCC_NO_COMMON_BLOCKS = YES;
				GCC_WARN_64_TO_32_BIT_CONVERSION = YES;
				GCC_WARN_ABOUT_RETURN_TYPE = YES_ERROR;
				GCC_WARN_UNDECLARED_SELECTOR = YES;
				GCC_WARN_UNINITIALIZED_AUTOS = YES_AGGRESSIVE;
				GCC_WARN_UNUSED_FUNCTION = YES;
				GCC_WARN_UNUSED_VARIABLE = YES;
				IPHONEOS_DEPLOYMENT_TARGET = 26.5;
				LOCALIZATION_PREFERS_STRING_CATALOGS = YES;
				MTL_ENABLE_DEBUG_INFO = NO;
				MTL_FAST_MATH = YES;
				SDKROOT = iphoneos;
				SWIFT_COMPILATION_MODE = wholemodule;
				VALIDATE_PRODUCT = YES;
			};
			name = Release;
		};
		BF99D6992FCAC950000EDDE8 /* Debug */ = {
			isa = XCBuildConfiguration;
			buildSettings = {
				BUNDLE_LOADER = "$(TEST_HOST)";
				CODE_SIGN_STYLE = Automatic;
				CURRENT_PROJECT_VERSION = 1;
				GENERATE_INFOPLIST_FILE = YES;
				IPHONEOS_DEPLOYMENT_TARGET = 26.5;
				MARKETING_VERSION = 1.0;
				PRODUCT_BUNDLE_IDENTIFIER = vn.tdc.edc.appquanlisachTests;
				PRODUCT_NAME = "$(TARGET_NAME)";
				STRING_CATALOG_GENERATE_SYMBOLS = NO;
				SWIFT_APPROACHABLE_CONCURRENCY = YES;
				SWIFT_EMIT_LOC_STRINGS = NO;
				SWIFT_UPCOMING_FEATURE_MEMBER_IMPORT_VISIBILITY = YES;
				SWIFT_VERSION = 5.0;
				TARGETED_DEVICE_FAMILY = "1,2";
				TEST_HOST = "$(BUILT_PRODUCTS_DIR)/appquanlisach.app/$(BUNDLE_EXECUTABLE_FOLDER_PATH)/appquanlisach";
			};
			name = Debug;
		};
		BF99D69A2FCAC950000EDDE8 /* Release */ = {
			isa = XCBuildConfiguration;
			buildSettings = {
				BUNDLE_LOADER = "$(TEST_HOST)";
				CODE_SIGN_STYLE = Automatic;
				CURRENT_PROJECT_VERSION = 1;
				GENERATE_INFOPLIST_FILE = YES;
				IPHONEOS_DEPLOYMENT_TARGET = 26.5;
				MARKETING_VERSION = 1.0;
				PRODUCT_BUNDLE_IDENTIFIER = vn.tdc.edc.appquanlisachTests;
				PRODUCT_NAME = "$(TARGET_NAME)";
				STRING_CATALOG_GENERATE_SYMBOLS = NO;
				SWIFT_APPROACHABLE_CONCURRENCY = YES;
				SWIFT_EMIT_LOC_STRINGS = NO;
				SWIFT_UPCOMING_FEATURE_MEMBER_IMPORT_VISIBILITY = YES;
				SWIFT_VERSION = 5.0;
				TARGETED_DEVICE_FAMILY = "1,2";
				TEST_HOST = "$(BUILT_PRODUCTS_DIR)/appquanlisach.app/$(BUNDLE_EXECUTABLE_FOLDER_PATH)/appquanlisach";
			};
			name = Release;
		};
		BF99D69C2FCAC950000EDDE8 /* Debug */ = {
			isa = XCBuildConfiguration;
			buildSettings = {
				CODE_SIGN_STYLE = Automatic;
				CURRENT_PROJECT_VERSION = 1;
				GENERATE_INFOPLIST_FILE = YES;
				MARKETING_VERSION = 1.0;
				PRODUCT_BUNDLE_IDENTIFIER = vn.tdc.edc.appquanlisachUITests;
				PRODUCT_NAME = "$(TARGET_NAME)";
				STRING_CATALOG_GENERATE_SYMBOLS = NO;
				SWIFT_APPROACHABLE_CONCURRENCY = YES;
				SWIFT_EMIT_LOC_STRINGS = NO;
				SWIFT_UPCOMING_FEATURE_MEMBER_IMPORT_VISIBILITY = YES;
				SWIFT_VERSION = 5.0;
				TARGETED_DEVICE_FAMILY = "1,2";
				TEST_TARGET_NAME = appquanlisach;
			};
			name = Debug;
		};
		BF99D69D2FCAC950000EDDE8 /* Release */ = {
			isa = XCBuildConfiguration;
			buildSettings = {
				CODE_SIGN_STYLE = Automatic;
				CURRENT_PROJECT_VERSION = 1;
				GENERATE_INFOPLIST_FILE = YES;
				MARKETING_VERSION = 1.0;
				PRODUCT_BUNDLE_IDENTIFIER = vn.tdc.edc.appquanlisachUITests;
				PRODUCT_NAME = "$(TARGET_NAME)";
				STRING_CATALOG_GENERATE_SYMBOLS = NO;
				SWIFT_APPROACHABLE_CONCURRENCY = YES;
				SWIFT_EMIT_LOC_STRINGS = NO;
				SWIFT_UPCOMING_FEATURE_MEMBER_IMPORT_VISIBILITY = YES;
				SWIFT_VERSION = 5.0;
				TARGETED_DEVICE_FAMILY = "1,2";
				TEST_TARGET_NAME = appquanlisach;
			};
			name = Release;
		};
/* End XCBuildConfiguration section */

/* Begin XCConfigurationList section */
		BF99D6652FCAC94D000EDDE8 /* Build configuration list for PBXProject "appquanlisach" */ = {
			isa = XCConfigurationList;
			buildConfigurations = (
				BF99D6962FCAC950000EDDE8 /* Debug */,
				BF99D6972FCAC950000EDDE8 /* Release */,
			);
			defaultConfigurationIsVisible = 0;
			defaultConfigurationName = Release;
		};
		BF99D6932FCAC950000EDDE8 /* Build configuration list for PBXNativeTarget "appquanlisach" */ = {
			isa = XCConfigurationList;
			buildConfigurations = (
				BF99D6942FCAC950000EDDE8 /* Debug */,
				BF99D6952FCAC950000EDDE8 /* Release */,
			);
			defaultConfigurationIsVisible = 0;
			defaultConfigurationName = Release;
		};
		BF99D6982FCAC950000EDDE8 /* Build configuration list for PBXNativeTarget "appquanlisachTests" */ = {
			isa = XCConfigurationList;
			buildConfigurations = (
				BF99D6992FCAC950000EDDE8 /* Debug */,
				BF99D69A2FCAC950000EDDE8 /* Release */,
			);
			defaultConfigurationIsVisible = 0;
			defaultConfigurationName = Release;
		};
		BF99D69B2FCAC950000EDDE8 /* Build configuration list for PBXNativeTarget "appquanlisachUITests" */ = {
			isa = XCConfigurationList;
			buildConfigurations = (
				BF99D69C2FCAC950000EDDE8 /* Debug */,
				BF99D69D2FCAC950000EDDE8 /* Release */,
			);
			defaultConfigurationIsVisible = 0;
			defaultConfigurationName = Release;
		};
/* End XCConfigurationList section */

/* Begin XCRemoteSwiftPackageReference section */
		BF99D69E2FCACC80000EDDE8 /* XCRemoteSwiftPackageReference "firebase-ios-sdk" */ = {
			isa = XCRemoteSwiftPackageReference;
			repositoryURL = "https://github.com/firebase/firebase-ios-sdk";
			requirement = {
				kind = upToNextMajorVersion;
				minimumVersion = 12.14.0;
			};
		};
/* End XCRemoteSwiftPackageReference section */

/* Begin XCSwiftPackageProductDependency section */
		BF99D6A02FCACD36000EDDE8 /* FirebaseCore */ = {
			isa = XCSwiftPackageProductDependency;
			package = BF99D69E2FCACC80000EDDE8 /* XCRemoteSwiftPackageReference "firebase-ios-sdk" */;
			productName = FirebaseCore;
		};
/* End XCSwiftPackageProductDependency section */
	};
	rootObject = BF99D6622FCAC94D000EDDE8 /* Project object */;
}
